
Microsoft Visual Studio Solution File, Format Version 12.00
# Visual Studio Version 17
VisualStudioVersion = 17.2.32616.157
MinimumVisualStudioVersion = 10.0.40219.1
Project("{FAE04EC0-301F-11D3-BF4B-00C04F79EFBC}") = "MateMachine.CurrencyConverter", "MateMachine.CurrencyConverter\MateMachine.CurrencyConverter.csproj", "{24B8CACF-87D0-4D4F-944C-F1AE0FDF02C1}"
EndProject
Project("{FAE04EC0-301F-11D3-BF4B-00C04F79EFBC}") = "MateMachine.CurrencyConverter.Tests", "MateMachine.CurrencyConverter.Tests\MateMachine.CurrencyConverter.Tests.csproj", "{DA611894-06F1-499E-9607-0FB7A1C3AA11}"
EndProject
Global
	GlobalSection(SolutionConfigurationPlatforms) = preSolution
		Debug|Any CPU = Debug|Any CPU
		Release|Any CPU = Release|Any CPU
	EndGlobalSection
	GlobalSection(ProjectConfigurationPlatforms) = postSolution
		{24B8CACF-87D0-4D4F-944C-F1AE0FDF02C1}.Debug|Any CPU.ActiveCfg = Debug|Any CPU
		{24B8CACF-87D0-4D4F-944C-F1AE0FDF02C1}.Debug|Any CPU.Build.0 = Debug|Any CPU
		{24B8CACF-87D0-4D4F-944C-F1AE0FDF02C1}.Release|Any CPU.ActiveCfg = Release|Any CPU
		{24B8CACF-87D0-4D4F-944C-F1AE0FDF02C1}.Release|Any CPU.Build.0 = Release|Any CPU
		{DA611894-06F1-499E-9607-0FB7A1C3AA11}.Debug|Any CPU.ActiveCfg = Debug|Any CPU
		{DA611894-06F1-499E-9607-0FB7A1C3AA11}.Debug|Any CPU.Build.0 = Debug|Any CPU
		{DA611894-06F1-499E-9607-0FB7A1C3AA11}.Release|Any CPU.ActiveCfg = Release|Any CPU
		{DA611894-06F1-499E-9607-0FB7A1C3AA11}.Release|Any CPU.Build.0 = Release|Any CPU
	EndGlobalSection
	GlobalSection(SolutionProperties) = preSolution
		HideSolutionNode = FALSE
	EndGlobalSection
	GlobalSection(ExtensibilityGlobals) = postSolution
		SolutionGuid = {36A57747-71E2-4F55-AB53-FED4D5EAAAAB}
	EndGlobalSection
EndGlobal
